PODS:
  - Flutter (1.0.0)
  - flutter_webrtc (1.4.0):
    - Flutter
    - WebRTC-SDK (= 144.7559.09)
  - pt_transport_darwin (1.0.0):
    - Flutter
  - WebRTC-SDK (144.7559.09)

DEPENDENCIES:
  - Flutter (from `Flutter`)
  - flutter_webrtc (from `.symlinks/plugins/flutter_webrtc/ios`)
  - pt_transport_darwin (from `.symlinks/plugins/pt_transport_darwin/ios`)

SPEC REPOS:
  trunk:
    - WebRTC-SDK

EXTERNAL SOURCES:
  Flutter:
    :path: Flutter
  flutter_webrtc:
    :path: ".symlinks/plugins/flutter_webrtc/ios"
  pt_transport_darwin:
    :path: ".symlinks/plugins/pt_transport_darwin/ios"

SPEC CHECKSUMS:
  Flutter: cabc95a1d2626b1b06e7179b784ebcf0c0cde467
  flutter_webrtc: ea1e854207d820fc0538ffa5632eb1e9193b0efc
  pt_transport_darwin: 9a42cfba883d70721500de36fb8827e5d833a01d
  WebRTC-SDK: e6006119cd730d6315d875e4a421b6cc8bb88833

PODFILE CHECKSUM: 709619396eae1d18c080928153a4b440cb7f2962

COCOAPODS: 1.15.2
